// !$*UTF8*$!
{
	archiveVersion = 1;
	classes = {
	};
	objectVersion = 46;
	objects = {

/* Begin PBXBuildFile section */
		FA1E03D01ABBF29A004E79EB /* SmbCacheFileTransitioner.m in Sources */ = {isa = PBXBuildFile; fileRef = FA1E03CF1ABBF29A004E79EB /* SmbCacheFileTransitioner.m */; };
		FA228FE91ACE8B8500786F88 /* BackgroundTask.m in Sources */ = {isa = PBXBuildFile; fileRef = FA228FE81ACE8B8500786F88 /* BackgroundTask.m */; };
		FA37A6A01AAC2417001BC14E /* SmbAuthArrayDataSource.m in Sources */ = {isa = PBXBuildFile; fileRef = FA37A69F1AAC2417001BC14E /* SmbAuthArrayDataSource.m */; };
		FA39B5011AB4277E00B26A77 /* UIDesignPlan.storyboard in Resources */ = {isa = PBXBuildFile; fileRef = FA39B5001AB4277E00B26A77 /* UIDesignPlan.storyboard */; };
		FA3C3EC91AC0FCAE005E7569 /* KxSMBItemTransmissionFile.m in Sources */ = {isa = PBXBuildFile; fileRef = FA3C3EC81AC0FCAE005E7569 /* KxSMBItemTransmissionFile.m */; };
		FA404B6B1AB96B9400FB3D38 /* SystemStuff.m in Sources */ = {isa = PBXBuildFile; fileRef = FA404B6A1AB96B9400FB3D38 /* SystemStuff.m */; };
		FA4FA7EC1AB1C3170001F1B3 /* NetworkManager.m in Sources */ = {isa = PBXBuildFile; fileRef = FA4FA7EB1AB1C3170001F1B3 /* NetworkManager.m */; };
		FA5330131ACBE16C000F3751 /* LocalFileCell.m in Sources */ = {isa = PBXBuildFile; fileRef = FA5330121ACBE16C000F3751 /* LocalFileCell.m */; };
		FA5330161ACBE813000F3751 /* LocalFileDataSource.m in Sources */ = {isa = PBXBuildFile; fileRef = FA5330151ACBE813000F3751 /* LocalFileDataSource.m */; };
		FA53301C1ACC1938000F3751 /* SettingViewController.m in Sources */ = {isa = PBXBuildFile; fileRef = FA53301B1ACC1938000F3751 /* SettingViewController.m */; };
		FA6253A51AABD9CE00EAA782 /* PersistenceManager.m in Sources */ = {isa = PBXBuildFile; fileRef = FA6253A41AABD9CE00EAA782 /* PersistenceManager.m */; };
		FA8E47FA1ABAFDCE002AEE41 /* SmbCacheFilePresentationController.m in Sources */ = {isa = PBXBuildFile; fileRef = FA8E47F91ABAFDCE002AEE41 /* SmbCacheFilePresentationController.m */; };
		FAA7D2CD1AB5649A00E3A9D1 /* SmbFileOperateCell.m in Sources */ = {isa = PBXBuildFile; fileRef = FAA7D2CC1AB5649A00E3A9D1 /* SmbFileOperateCell.m */; };
		FAA812311AAED0E7005142AB /* LocalFileViewController.m in Sources */ = {isa = PBXBuildFile; fileRef = FAA812301AAED0E7005142AB /* LocalFileViewController.m */; };
		FAA812661AAF1C5B005142AB /* FileTransmissionViewController.m in Sources */ = {isa = PBXBuildFile; fileRef = FAA812651AAF1C5B005142AB /* FileTransmissionViewController.m */; };
		FAA812691AAF1CB7005142AB /* FileTransmissionModal.m in Sources */ = {isa = PBXBuildFile; fileRef = FAA812681AAF1CB7005142AB /* FileTransmissionModal.m */; };
		FAA8126C1AAF1EE2005142AB /* FileTransmissionCell.m in Sources */ = {isa = PBXBuildFile; fileRef = FAA8126B1AAF1EE2005142AB /* FileTransmissionCell.m */; };
		FAA8126F1AAF2015005142AB /* SmbFileTransmissionDataSource.m in Sources */ = {isa = PBXBuildFile; fileRef = FAA8126E1AAF2015005142AB /* SmbFileTransmissionDataSource.m */; };
		FABDBA141AA8631800595AFA /* main.m in Sources */ = {isa = PBXBuildFile; fileRef = FABDBA131AA8631800595AFA /* main.m */; };
		FABDBA171AA8631800595AFA /* AppDelegate.m in Sources */ = {isa = PBXBuildFile; fileRef = FABDBA161AA8631800595AFA /* AppDelegate.m */; };
		FABDBA1F1AA8631800595AFA /* Images.xcassets in Resources */ = {isa = PBXBuildFile; fileRef = FABDBA1E1AA8631800595AFA /* Images.xcassets */; };
		FABDBA221AA8631800595AFA /* LaunchScreen.xib in Resources */ = {isa = PBXBuildFile; fileRef = FABDBA201AA8631800595AFA /* LaunchScreen.xib */; };
		FABDBA2E1AA8631800595AFA /* SmbFileExplorerTests.m in Sources */ = {isa = PBXBuildFile; fileRef = FABDBA2D1AA8631800595AFA /* SmbFileExplorerTests.m */; };
		FABDBA491AA863C700595AFA /* SmbAuthMessageViewController.m in Sources */ = {isa = PBXBuildFile; fileRef = FABDBA391AA863C700595AFA /* SmbAuthMessageViewController.m */; };
		FABDBA4A1AA863C700595AFA /* SmbDetailViewController.m in Sources */ = {isa = PBXBuildFile; fileRef = FABDBA3B1AA863C700595AFA /* SmbDetailViewController.m */; };
		FABDBA4B1AA863C700595AFA /* SmbMasterViewController.m in Sources */ = {isa = PBXBuildFile; fileRef = FABDBA3D1AA863C700595AFA /* SmbMasterViewController.m */; };
		FABDBA4D1AA863C700595AFA /* ArrayDataSource.m in Sources */ = {isa = PBXBuildFile; fileRef = FABDBA421AA863C700595AFA /* ArrayDataSource.m */; };
		FABDBA4E1AA863C700595AFA /* SmbAuth.m in Sources */ = {isa = PBXBuildFile; fileRef = FABDBA441AA863C700595AFA /* SmbAuth.m */; };
		FABDBA501AA863C700595AFA /* SmbAuthCell.m in Sources */ = {isa = PBXBuildFile; fileRef = FABDBA481AA863C700595AFA /* SmbAuthCell.m */; };
		FABDBA521AA8648C00595AFA /* Main.storyboard in Resources */ = {isa = PBXBuildFile; fileRef = FABDBA511AA8648C00595AFA /* Main.storyboard */; };
		FABDBA5E1AA8663E00595AFA /* KxSMBProvider.m in Sources */ = {isa = PBXBuildFile; fileRef = FABDBA541AA8663E00595AFA /* KxSMBProvider.m */; };
		FABDBA5F1AA8663E00595AFA /* libsmbclient.a in Frameworks */ = {isa = PBXBuildFile; fileRef = FABDBA561AA8663E00595AFA /* libsmbclient.a */; };
		FABDBA601AA8663E00595AFA /* libtalloc.a in Frameworks */ = {isa = PBXBuildFile; fileRef = FABDBA581AA8663E00595AFA /* libtalloc.a */; };
		FABDBA611AA8663E00595AFA /* libtdb.a in Frameworks */ = {isa = PBXBuildFile; fileRef = FABDBA591AA8663E00595AFA /* libtdb.a */; };
		FABDBA621AA8663E00595AFA /* libtevent.a in Frameworks */ = {isa = PBXBuildFile; fileRef = FABDBA5A1AA8663E00595AFA /* libtevent.a */; };
		FABDBA631AA8663E00595AFA /* libwbclient.a in Frameworks */ = {isa = PBXBuildFile; fileRef = FABDBA5B1AA8663E00595AFA /* libwbclient.a */; };
		FABDBA651AA8683500595AFA /* libresolv.dylib in Frameworks */ = {isa = PBXBuildFile; fileRef = FABDBA641AA8683500595AFA /* libresolv.dylib */; };
		FABDBA671AA8684200595AFA /* libz.dylib in Frameworks */ = {isa = PBXBuildFile; fileRef = FABDBA661AA8684200595AFA /* libz.dylib */; };
		FABDBA691AA8685000595AFA /* libiconv.dylib in Frameworks */ = {isa = PBXBuildFile; fileRef = FABDBA681AA8685000595AFA /* libiconv.dylib */; };
		FABDBA6B1AA8686300595AFA /* UIKit.framework in Frameworks */ = {isa = PBXBuildFile; fileRef = FABDBA6A1AA8686300595AFA /* UIKit.framework */; };
		FABDBA6D1AA8687200595AFA /* CoreGraphics.framework in Frameworks */ = {isa = PBXBuildFile; fileRef = FABDBA6C1AA8687200595AFA /* CoreGraphics.framework */; };
		FABDBA6F1AA8687E00595AFA /* Foundation.framework in Frameworks */ = {isa = PBXBuildFile; fileRef = FABDBA6E1AA8687E00595AFA /* Foundation.framework */; };
		FABDBAAF1AA8862500595AFA /* SmbFileCell.m in Sources */ = {isa = PBXBuildFile; fileRef = FABDBAAE1AA8862500595AFA /* SmbFileCell.m */; };
		FABDBAB21AA888DF00595AFA /* SmbManager.m in Sources */ = {isa = PBXBuildFile; fileRef = FABDBAB11AA888DF00595AFA /* SmbManager.m */; };
		FAD90A971AC572A70060D696 /* FileType.png in Resources */ = {isa = PBXBuildFile; fileRef = FAD90A961AC572A70060D696 /* FileType.png */; };
		FAE326061AAD4A8000882A4D /* SmbFileOperateViewController.m in Sources */ = {isa = PBXBuildFile; fileRef = FAE326051AAD4A8000882A4D /* SmbFileOperateViewController.m */; };
		FAFA6CA81AA9BE0B00959974 /* SmbFileViewController.m in Sources */ = {isa = PBXBuildFile; fileRef = FAFA6CA71AA9BE0B00959974 /* SmbFileViewController.m */; };
		FAFA6CAE1AA9C6F800959974 /* SmbFilesArrayDataSource.m in Sources */ = {isa = PBXBuildFile; fileRef = FAFA6CAD1AA9C6F800959974 /* SmbFilesArrayDataSource.m */; };
		FAFAED891AADC3C300E4356C /* FolderNameFormViewController.m in Sources */ = {isa = PBXBuildFile; fileRef = FAFAED881AADC3C300E4356C /* FolderNameFormViewController.m */; };
/* End PBXBuildFile section */

/* Begin PBXContainerItemProxy section */
		FABDBA281AA8631800595AFA /* PBXContainerItemProxy */ = {
			isa = PBXContainerItemProxy;
			containerPortal = FABDBA061AA8631800595AFA /* Project object */;
			proxyType = 1;
			remoteGlobalIDString = FABDBA0D1AA8631800595AFA;
			remoteInfo = SmbFileExplorer;
		};
/* End PBXContainerItemProxy section */

/* Begin PBXFileReference section */
		FA1E03CE1ABBF29A004E79EB /* SmbCacheFileTransitioner.h */ = {isa = PBXFileReference; fileEncoding = 4; lastKnownFileType = sourcecode.c.h; path = SmbCacheFileTransitioner.h; sourceTree = "<group>"; };
		FA1E03CF1ABBF29A004E79EB /* SmbCacheFileTransitioner.m */ = {isa = PBXFileReference; fileEncoding = 4; lastKnownFileType = sourcecode.c.objc; path = SmbCacheFileTransitioner.m; sourceTree = "<group>"; };
		FA228FE71ACE8B8500786F88 /* BackgroundTask.h */ = {isa = PBXFileReference; fileEncoding = 4; lastKnownFileType = sourcecode.c.h; name = BackgroundTask.h; path = Common/BackgroundTask.h; sourceTree = "<group>"; };
		FA228FE81ACE8B8500786F88 /* BackgroundTask.m */ = {isa = PBXFileReference; fileEncoding = 4; lastKnownFileType = sourcecode.c.objc; name = BackgroundTask.m; path = Common/BackgroundTask.m; sourceTree = "<group>"; };
		FA37A69E1AAC2417001BC14E /* SmbAuthArrayDataSource.h */ = {isa = PBXFileReference; fileEncoding = 4; lastKnownFileType = sourcecode.c.h; path = SmbAuthArrayDataSource.h; sourceTree = "<group>"; };
		FA37A69F1AAC2417001BC14E /* SmbAuthArrayDataSource.m */ = {isa = PBXFileReference; fileEncoding = 4; lastKnownFileType = sourcecode.c.objc; path = SmbAuthArrayDataSource.m; sourceTree = "<group>"; };
		FA39B5001AB4277E00B26A77 /* UIDesignPlan.storyboard */ = {isa = PBXFileReference; fileEncoding = 4; lastKnownFileType = file.storyboard; path = UIDesignPlan.storyboard; sourceTree = "<group>"; };
		FA3C3EC71AC0FCAE005E7569 /* KxSMBItemTransmissionFile.h */ = {isa = PBXFileReference; fileEncoding = 4; lastKnownFileType = sourcecode.c.h; path = KxSMBItemTransmissionFile.h; sourceTree = "<group>"; };
		FA3C3EC81AC0FCAE005E7569 /* KxSMBItemTransmissionFile.m */ = {isa = PBXFileReference; fileEncoding = 4; lastKnownFileType = sourcecode.c.objc; path = KxSMBItemTransmissionFile.m; sourceTree = "<group>"; };
		FA404B691AB96B9400FB3D38 /* SystemStuff.h */ = {isa = PBXFileReference; fileEncoding = 4; lastKnownFileType = sourcecode.c.h; name = SystemStuff.h; path = Common/SystemStuff.h; sourceTree = "<group>"; };
		FA404B6A1AB96B9400FB3D38 /* SystemStuff.m */ = {isa = PBXFileReference; fileEncoding = 4; lastKnownFileType = sourcecode.c.objc; name = SystemStuff.m; path = Common/SystemStuff.m; sourceTree = "<group>"; };
		FA4FA7EA1AB1C3170001F1B3 /* NetworkManager.h */ = {isa = PBXFileReference; fileEncoding = 4; lastKnownFileType = sourcecode.c.h; name = NetworkManager.h; path = Common/NetworkManager.h; sourceTree = "<group>"; };
		FA4FA7EB1AB1C3170001F1B3 /* NetworkManager.m */ = {isa = PBXFileReference; fileEncoding = 4; lastKnownFileType = sourcecode.c.objc; name = NetworkManager.m; path = Common/NetworkManager.m; sourceTree = "<group>"; };
		FA5330111ACBE16C000F3751 /* LocalFileCell.h */ = {isa = PBXFileReference; fileEncoding = 4; lastKnownFileType = sourcecode.c.h; path = LocalFileCell.h; sourceTree = "<group>"; };
		FA5330121ACBE16C000F3751 /* LocalFileCell.m */ = {isa = PBXFileReference; fileEncoding = 4; lastKnownFileType = sourcecode.c.objc; path = LocalFileCell.m; sourceTree = "<group>"; };
		FA5330141ACBE813000F3751 /* LocalFileDataSource.h */ = {isa = PBXFileReference; fileEncoding = 4; lastKnownFileType = sourcecode.c.h; path = LocalFileDataSource.h; sourceTree = "<group>"; };
		FA5330151ACBE813000F3751 /* LocalFileDataSource.m */ = {isa = PBXFileReference; fileEncoding = 4; lastKnownFileType = sourcecode.c.objc; path = LocalFileDataSource.m; sourceTree = "<group>"; };
		FA53301A1ACC1938000F3751 /* SettingViewController.h */ = {isa = PBXFileReference; fileEncoding = 4; lastKnownFileType = sourcecode.c.h; path = SettingViewController.h; sourceTree = "<group>"; };
		FA53301B1ACC1938000F3751 /* SettingViewController.m */ = {isa = PBXFileReference; fileEncoding = 4; lastKnownFileType = sourcecode.c.objc; path = SettingViewController.m; sourceTree = "<group>"; };
		FA6253A31AABD9CE00EAA782 /* PersistenceManager.h */ = {isa = PBXFileReference; fileEncoding = 4; lastKnownFileType = sourcecode.c.h; name = PersistenceManager.h; path = Common/PersistenceManager.h; sourceTree = "<group>"; };
		FA6253A41AABD9CE00EAA782 /* PersistenceManager.m */ = {isa = PBXFileReference; fileEncoding = 4; lastKnownFileType = sourcecode.c.objc; name = PersistenceManager.m; path = Common/PersistenceManager.m; sourceTree = "<group>"; };
		FA8E47F81ABAFDCE002AEE41 /* SmbCacheFilePresentationController.h */ = {isa = PBXFileReference; fileEncoding = 4; lastKnownFileType = sourcecode.c.h; path = SmbCacheFilePresentationController.h; sourceTree = "<group>"; };
		FA8E47F91ABAFDCE002AEE41 /* SmbCacheFilePresentationController.m */ = {isa = PBXFileReference; fileEncoding = 4; lastKnownFileType = sourcecode.c.objc; path = SmbCacheFilePresentationController.m; sourceTree = "<group>"; };
		FAA7D2CB1AB5649A00E3A9D1 /* SmbFileOperateCell.h */ = {isa = PBXFileReference; fileEncoding = 4; lastKnownFileType = sourcecode.c.h; path = SmbFileOperateCell.h; sourceTree = "<group>"; };
		FAA7D2CC1AB5649A00E3A9D1 /* SmbFileOperateCell.m */ = {isa = PBXFileReference; fileEncoding = 4; lastKnownFileType = sourcecode.c.objc; path = SmbFileOperateCell.m; sourceTree = "<group>"; };
		FAA8122F1AAED0E7005142AB /* LocalFileViewController.h */ = {isa = PBXFileReference; fileEncoding = 4; lastKnownFileType = sourcecode.c.h; path = LocalFileViewController.h; sourceTree = "<group>"; };
		FAA812301AAED0E7005142AB /* LocalFileViewController.m */ = {isa = PBXFileReference; fileEncoding = 4; lastKnownFileType = sourcecode.c.objc; path = LocalFileViewController.m; sourceTree = "<group>"; };
		FAA812641AAF1C5B005142AB /* FileTransmissionViewController.h */ = {isa = PBXFileReference; fileEncoding = 4; lastKnownFileType = sourcecode.c.h; path = FileTransmissionViewController.h; sourceTree = "<group>"; };
		FAA812651AAF1C5B005142AB /* FileTransmissionViewController.m */ = {isa = PBXFileReference; fileEncoding = 4; lastKnownFileType = sourcecode.c.objc; path = FileTransmissionViewController.m; sourceTree = "<group>"; };
		FAA812671AAF1CB7005142AB /* FileTransmissionModal.h */ = {isa = PBXFileReference; fileEncoding = 4; lastKnownFileType = sourcecode.c.h; path = FileTransmissionModal.h; sourceTree = "<group>"; };
		FAA812681AAF1CB7005142AB /* FileTransmissionModal.m */ = {isa = PBXFileReference; fileEncoding = 4; lastKnownFileType = sourcecode.c.objc; path = FileTransmissionModal.m; sourceTree = "<group>"; };
		FAA8126A1AAF1EE2005142AB /* FileTransmissionCell.h */ = {isa = PBXFileReference; fileEncoding = 4; lastKnownFileType = sourcecode.c.h; path = FileTransmissionCell.h; sourceTree = "<group>"; };
		FAA8126B1AAF1EE2005142AB /* FileTransmissionCell.m */ = {isa = PBXFileReference; fileEncoding = 4; lastKnownFileType = sourcecode.c.objc; path = FileTransmissionCell.m; sourceTree = "<group>"; };
		FAA8126D1AAF2015005142AB /* SmbFileTransmissionDataSource.h */ = {isa = PBXFileReference; fileEncoding = 4; lastKnownFileType = sourcecode.c.h; path = SmbFileTransmissionDataSource.h; sourceTree = "<group>"; };
		FAA8126E1AAF2015005142AB /* SmbFileTransmissionDataSource.m */ = {isa = PBXFileReference; fileEncoding = 4; lastKnownFileType = sourcecode.c.objc; path = SmbFileTransmissionDataSource.m; sourceTree = "<group>"; };
		FABDBA0E1AA8631800595AFA /* SmbFileExplorer.app */ = {isa = PBXFileReference; explicitFileType = wrapper.application; includeInIndex = 0; path = SmbFileExplorer.app; sourceTree = BUILT_PRODUCTS_DIR; };
		FABDBA121AA8631800595AFA /* Info.plist */ = {isa = PBXFileReference; lastKnownFileType = text.plist.xml; path = Info.plist; sourceTree = "<group>"; };
		FABDBA131AA8631800595AFA /* main.m */ = {isa = PBXFileReference; lastKnownFileType = sourcecode.c.objc; path = main.m; sourceTree = "<group>"; };
		FABDBA151AA8631800595AFA /* AppDelegate.h */ = {isa = PBXFileReference; lastKnownFileType = sourcecode.c.h; name = AppDelegate.h; path = SmbFileExplorer/AppDelegate.h; sourceTree = "<group>"; };
		FABDBA161AA8631800595AFA /* AppDelegate.m */ = {isa = PBXFileReference; lastKnownFileType = sourcecode.c.objc; name = AppDelegate.m; path = SmbFileExplorer/AppDelegate.m; sourceTree = "<group>"; };
		FABDBA1E1AA8631800595AFA /* Images.xcassets */ = {isa = PBXFileReference; lastKnownFileType = folder.assetcatalog; name = Images.xcassets; path = SmbFileExplorer/Images.xcassets; sourceTree = "<group>"; };
		FABDBA211AA8631800595AFA /* Base */ = {isa = PBXFileReference; lastKnownFileType = file.xib; name = Base; path = Base.lproj/LaunchScreen.xib; sourceTree = "<group>"; };
		FABDBA271AA8631800595AFA /* SmbFileExplorerTests.xctest */ = {isa = PBXFileReference; explicitFileType = wrapper.cfbundle; includeInIndex = 0; path = SmbFileExplorerTests.xctest; sourceTree = BUILT_PRODUCTS_DIR; };
		FABDBA2C1AA8631800595AFA /* Info.plist */ = {isa = PBXFileReference; lastKnownFileType = text.plist.xml; path = Info.plist; sourceTree = "<group>"; };
		FABDBA2D1AA8631800595AFA /* SmbFileExplorerTests.m */ = {isa = PBXFileReference; lastKnownFileType = sourcecode.c.objc; path = SmbFileExplorerTests.m; sourceTree = "<group>"; };
		FABDBA381AA863C700595AFA /* SmbAuthMessageViewController.h */ = {isa = PBXFileReference; fileEncoding = 4; lastKnownFileType = sourcecode.c.h; path = SmbAuthMessageViewController.h; sourceTree = "<group>"; };
		FABDBA391AA863C700595AFA /* SmbAuthMessageViewController.m */ = {isa = PBXFileReference; fileEncoding = 4; lastKnownFileType = sourcecode.c.objc; path = SmbAuthMessageViewController.m; sourceTree = "<group>"; };
		FABDBA3A1AA863C700595AFA /* SmbDetailViewController.h */ = {isa = PBXFileReference; fileEncoding = 4; lastKnownFileType = sourcecode.c.h; path = SmbDetailViewController.h; sourceTree = "<group>"; };
		FABDBA3B1AA863C700595AFA /* SmbDetailViewController.m */ = {isa = PBXFileReference; fileEncoding = 4; lastKnownFileType = sourcecode.c.objc; path = SmbDetailViewController.m; sourceTree = "<group>"; };
		FABDBA3C1AA863C700595AFA /* SmbMasterViewController.h */ = {isa = PBXFileReference; fileEncoding = 4; lastKnownFileType = sourcecode.c.h; lineEnding = 0; path = SmbMasterViewController.h; sourceTree = "<group>"; xcLanguageSpecificationIdentifier = xcode.lang.objcpp; };
		FABDBA3D1AA863C700595AFA /* SmbMasterViewController.m */ = {isa = PBXFileReference; fileEncoding = 4; lastKnownFileType = sourcecode.c.objc; path = SmbMasterViewController.m; sourceTree = "<group>"; };
		FABDBA411AA863C700595AFA /* ArrayDataSource.h */ = {isa = PBXFileReference; fileEncoding = 4; lastKnownFileType = sourcecode.c.h; path = ArrayDataSource.h; sourceTree = "<group>"; };
		FABDBA421AA863C700595AFA /* ArrayDataSource.m */ = {isa = PBXFileReference; fileEncoding = 4; lastKnownFileType = sourcecode.c.objc; path = ArrayDataSource.m; sourceTree = "<group>"; };
		FABDBA431AA863C700595AFA /* SmbAuth.h */ = {isa = PBXFileReference; fileEncoding = 4; lastKnownFileType = sourcecode.c.h; path = SmbAuth.h; sourceTree = "<group>"; };
		FABDBA441AA863C700595AFA /* SmbAuth.m */ = {isa = PBXFileReference; fileEncoding = 4; lastKnownFileType = sourcecode.c.objc; path = SmbAuth.m; sourceTree = "<group>"; };
		FABDBA471AA863C700595AFA /* SmbAuthCell.h */ = {isa = PBXFileReference; fileEncoding = 4; lastKnownFileType = sourcecode.c.h; path = SmbAuthCell.h; sourceTree = "<group>"; };
		FABDBA481AA863C700595AFA /* SmbAuthCell.m */ = {isa = PBXFileReference; fileEncoding = 4; lastKnownFileType = sourcecode.c.objc; path = SmbAuthCell.m; sourceTree = "<group>"; };
		FABDBA511AA8648C00595AFA /* Main.storyboard */ = {isa = PBXFileReference; fileEncoding = 4; lastKnownFileType = file.storyboard; path = Main.storyboard; sourceTree = "<group>"; };
		FABDBA531AA8663E00595AFA /* KxSMBProvider.h */ = {isa = PBXFileReference; fileEncoding = 4; lastKnownFileType = sourcecode.c.h; path = KxSMBProvider.h; sourceTree = "<group>"; };
		FABDBA541AA8663E00595AFA /* KxSMBProvider.m */ = {isa = PBXFileReference; fileEncoding = 4; lastKnownFileType = sourcecode.c.objc; path = KxSMBProvider.m; sourceTree = "<group>"; };
		FABDBA561AA8663E00595AFA /* libsmbclient.a */ = {isa = PBXFileReference; lastKnownFileType = archive.ar; path = libsmbclient.a; sourceTree = "<group>"; };
		FABDBA571AA8663E00595AFA /* libsmbclient.h */ = {isa = PBXFileReference; fileEncoding = 4; lastKnownFileType = sourcecode.c.h; path = libsmbclient.h; sourceTree = "<group>"; };
		FABDBA581AA8663E00595AFA /* libtalloc.a */ = {isa = PBXFileReference; lastKnownFileType = archive.ar; path = libtalloc.a; sourceTree = "<group>"; };
		FABDBA591AA8663E00595AFA /* libtdb.a */ = {isa = PBXFileReference; lastKnownFileType = archive.ar; path = libtdb.a; sourceTree = "<group>"; };
		FABDBA5A1AA8663E00595AFA /* libtevent.a */ = {isa = PBXFileReference; lastKnownFileType = archive.ar; path = libtevent.a; sourceTree = "<group>"; };
		FABDBA5B1AA8663E00595AFA /* libwbclient.a */ = {isa = PBXFileReference; lastKnownFileType = archive.ar; path = libwbclient.a; sourceTree = "<group>"; };
		FABDBA5C1AA8663E00595AFA /* talloc.h */ = {isa = PBXFileReference; fileEncoding = 4; lastKnownFileType = sourcecode.c.h; path = talloc.h; sourceTree = "<group>"; };
		FABDBA5D1AA8663E00595AFA /* talloc_stack.h */ = {isa = PBXFileReference; fileEncoding = 4; lastKnownFileType = sourcecode.c.h; path = talloc_stack.h; sourceTree = "<group>"; };
		FABDBA641AA8683500595AFA /* libresolv.dylib */ = {isa = PBXFileReference; lastKnownFileType = "compiled.mach-o.dylib"; name = libresolv.dylib; path = usr/lib/libresolv.dylib; sourceTree = SDKROOT; };
		FABDBA661AA8684200595AFA /* libz.dylib */ = {isa = PBXFileReference; lastKnownFileType = "compiled.mach-o.dylib"; name = libz.dylib; path = usr/lib/libz.dylib; sourceTree = SDKROOT; };
		FABDBA681AA8685000595AFA /* libiconv.dylib */ = {isa = PBXFileReference; lastKnownFileType = "compiled.mach-o.dylib"; name = libiconv.dylib; path = usr/lib/libiconv.dylib; sourceTree = SDKROOT; };
		FABDBA6A1AA8686300595AFA /* UIKit.framework */ = {isa = PBXFileReference; lastKnownFileType = wrapper.framework; name = UIKit.framework; path = System/Library/Frameworks/UIKit.framework; sourceTree = SDKROOT; };
		FABDBA6C1AA8687200595AFA /* CoreGraphics.framework */ = {isa = PBXFileReference; lastKnownFileType = wrapper.framework; name = CoreGraphics.framework; path = System/Library/Frameworks/CoreGraphics.framework; sourceTree = SDKROOT; };
		FABDBA6E1AA8687E00595AFA /* Foundation.framework */ = {isa = PBXFileReference; lastKnownFileType = wrapper.framework; name = Foundation.framework; path = System/Library/Frameworks/Foundation.framework; sourceTree = SDKROOT; };
		FABDBAAD1AA8862500595AFA /* SmbFileCell.h */ = {isa = PBXFileReference; fileEncoding = 4; lastKnownFileType = sourcecode.c.h; path = SmbFileCell.h; sourceTree = "<group>"; };
		FABDBAAE1AA8862500595AFA /* SmbFileCell.m */ = {isa = PBXFileReference; fileEncoding = 4; lastKnownFileType = sourcecode.c.objc; path = SmbFileCell.m; sourceTree = "<group>"; };
		FABDBAB01AA888DF00595AFA /* SmbManager.h */ = {isa = PBXFileReference; fileEncoding = 4; lastKnownFileType = sourcecode.c.h; path = SmbManager.h; sourceTree = "<group>"; };
		FABDBAB11AA888DF00595AFA /* SmbManager.m */ = {isa = PBXFileReference; fileEncoding = 4; lastKnownFileType = sourcecode.c.objc; path = SmbManager.m; sourceTree = "<group>"; };
		FAD90A961AC572A70060D696 /* FileType.png */ = {isa = PBXFileReference; lastKnownFileType = image.png; name = FileType.png; path = SmbFileExplorer/Resource/FileType.png; sourceTree = "<group>"; };
		FAE326041AAD4A8000882A4D /* SmbFileOperateViewController.h */ = {isa = PBXFileReference; fileEncoding = 4; lastKnownFileType = sourcecode.c.h; path = SmbFileOperateViewController.h; sourceTree = "<group>"; };
		FAE326051AAD4A8000882A4D /* SmbFileOperateViewController.m */ = {isa = PBXFileReference; fileEncoding = 4; lastKnownFileType = sourcecode.c.objc; path = SmbFileOperateViewController.m; sourceTree = "<group>"; };
		FAFA6CA61AA9BE0B00959974 /* SmbFileViewController.h */ = {isa = PBXFileReference; fileEncoding = 4; lastKnownFileType = sourcecode.c.h; path = SmbFileViewController.h; sourceTree = "<group>"; };
		FAFA6CA71AA9BE0B00959974 /* SmbFileViewController.m */ = {isa = PBXFileReference; fileEncoding = 4; lastKnownFileType = sourcecode.c.objc; path = SmbFileViewController.m; sourceTree = "<group>"; };
		FAFA6CAC1AA9C6F800959974 /* SmbFilesArrayDataSource.h */ = {isa = PBXFileReference; fileEncoding = 4; lastKnownFileType = sourcecode.c.h; path = SmbFilesArrayDataSource.h; sourceTree = "<group>"; };
		FAFA6CAD1AA9C6F800959974 /* SmbFilesArrayDataSource.m */ = {isa = PBXFileReference; fileEncoding = 4; lastKnownFileType = sourcecode.c.objc; path = SmbFilesArrayDataSource.m; sourceTree = "<group>"; };
		FAFAED871AADC3C300E4356C /* FolderNameFormViewController.h */ = {isa = PBXFileReference; fileEncoding = 4; lastKnownFileType = sourcecode.c.h; path = FolderNameFormViewController.h; sourceTree = "<group>"; };
		FAFAED881AADC3C300E4356C /* FolderNameFormViewController.m */ = {isa = PBXFileReference; fileEncoding = 4; lastKnownFileType = sourcecode.c.objc; path = FolderNameFormViewController.m; sourceTree = "<group>"; };
/* End PBXFileReference section */

/* Begin PBXFrameworksBuildPhase section */
		FABDBA0B1AA8631800595AFA /* Frameworks */ = {
			isa = PBXFrameworksBuildPhase;
			buildActionMask = 2147483647;
			files = (
				FABDBA6F1AA8687E00595AFA /* Foundation.framework in Frameworks */,
				FABDBA6D1AA8687200595AFA /* CoreGraphics.framework in Frameworks */,
				FABDBA6B1AA8686300595AFA /* UIKit.framework in Frameworks */,
				FABDBA691AA8685000595AFA /* libiconv.dylib in Frameworks */,
				FABDBA671AA8684200595AFA /* libz.dylib in Frameworks */,
				FABDBA651AA8683500595AFA /* libresolv.dylib in Frameworks */,
				FABDBA611AA8663E00595AFA /* libtdb.a in Frameworks */,
				FABDBA631AA8663E00595AFA /* libwbclient.a in Frameworks */,
				FABDBA601AA8663E00595AFA /* libtalloc.a in Frameworks */,
				FABDBA5F1AA8663E00595AFA /* libsmbclient.a in Frameworks */,
				FABDBA621AA8663E00595AFA /* libtevent.a in Frameworks */,
			);
			runOnlyForDeploymentPostprocessing = 0;
		};
		FABDBA241AA8631800595AFA /* Frameworks */ = {
			isa = PBXFrameworksBuildPhase;
			buildActionMask = 2147483647;
			files = (
			);
			runOnlyForDeploymentPostprocessing = 0;
		};
/* End PBXFrameworksBuildPhase section */

/* Begin PBXGroup section */
		FA53300F1ACB891F000F3751 /* CachePresentation */ = {
			isa = PBXGroup;
			children = (
				FA1E03CE1ABBF29A004E79EB /* SmbCacheFileTransitioner.h */,
				FA1E03CF1ABBF29A004E79EB /* SmbCacheFileTransitioner.m */,
				FA8E47F81ABAFDCE002AEE41 /* SmbCacheFilePresentationController.h */,
				FA8E47F91ABAFDCE002AEE41 /* SmbCacheFilePresentationController.m */,
			);
			name = CachePresentation;
			sourceTree = "<group>";
		};
		FA5330101ACB8997000F3751 /* TransmissionPresentation */ = {
			isa = PBXGroup;
			children = (
			);
			name = TransmissionPresentation;
			sourceTree = "<group>";
		};
		FA6253A21AABD5A100EAA782 /* Common */ = {
			isa = PBXGroup;
			children = (
				FA228FE71ACE8B8500786F88 /* BackgroundTask.h */,
				FA228FE81ACE8B8500786F88 /* BackgroundTask.m */,
				FA6253A31AABD9CE00EAA782 /* PersistenceManager.h */,
				FA6253A41AABD9CE00EAA782 /* PersistenceManager.m */,
				FA4FA7EA1AB1C3170001F1B3 /* NetworkManager.h */,
				FA4FA7EB1AB1C3170001F1B3 /* NetworkManager.m */,
				FA404B691AB96B9400FB3D38 /* SystemStuff.h */,
				FA404B6A1AB96B9400FB3D38 /* SystemStuff.m */,
			);
			name = Common;
			sourceTree = "<group>";
		};
		FABDBA051AA8631800595AFA = {
			isa = PBXGroup;
			children = (
				FAD90A931AC56A680060D696 /* Resource */,
				FABDBA711AA8691F00595AFA /* Support */,
				FABDBA101AA8631800595AFA /* SmbFileExplorer */,
				FABDBA701AA868E300595AFA /* Framework */,
				FABDBA2A1AA8631800595AFA /* SmbFileExplorerTests */,
				FABDBA0F1AA8631800595AFA /* Products */,
			);
			sourceTree = "<group>";
		};
		FABDBA0F1AA8631800595AFA /* Products */ = {
			isa = PBXGroup;
			children = (
				FABDBA0E1AA8631800595AFA /* SmbFileExplorer.app */,
				FABDBA271AA8631800595AFA /* SmbFileExplorerTests.xctest */,
			);
			name = Products;
			sourceTree = "<group>";
		};
		FABDBA101AA8631800595AFA /* SmbFileExplorer */ = {
			isa = PBXGroup;
			children = (
				FA6253A21AABD5A100EAA782 /* Common */,
				FABDBA721AA8696300595AFA /* Vendor */,
				FABDBA371AA863C700595AFA /* Controller */,
				FABDBA3E1AA863C700595AFA /* Model */,
				FABDBA451AA863C700595AFA /* View */,
			);
			path = SmbFileExplorer;
			sourceTree = "<group>";
		};
		FABDBA111AA8631800595AFA /* Supporting Files */ = {
			isa = PBXGroup;
			children = (
				FABDBA121AA8631800595AFA /* Info.plist */,
				FABDBA131AA8631800595AFA /* main.m */,
			);
			name = "Supporting Files";
			path = SmbFileExplorer;
			sourceTree = "<group>";
		};
		FABDBA2A1AA8631800595AFA /* SmbFileExplorerTests */ = {
			isa = PBXGroup;
			children = (
				FABDBA2D1AA8631800595AFA /* SmbFileExplorerTests.m */,
				FABDBA2B1AA8631800595AFA /* Supporting Files */,
			);
			path = SmbFileExplorerTests;
			sourceTree = "<group>";
		};
		FABDBA2B1AA8631800595AFA /* Supporting Files */ = {
			isa = PBXGroup;
			children = (
				FABDBA2C1AA8631800595AFA /* Info.plist */,
			);
			name = "Supporting Files";
			sourceTree = "<group>";
		};
		FABDBA371AA863C700595AFA /* Controller */ = {
			isa = PBXGroup;
			children = (
				FA5330101ACB8997000F3751 /* TransmissionPresentation */,
				FA53300F1ACB891F000F3751 /* CachePresentation */,
				FABDBA381AA863C700595AFA /* SmbAuthMessageViewController.h */,
				FABDBA391AA863C700595AFA /* SmbAuthMessageViewController.m */,
				FABDBA3A1AA863C700595AFA /* SmbDetailViewController.h */,
				FABDBA3B1AA863C700595AFA /* SmbDetailViewController.m */,
				FABDBA3C1AA863C700595AFA /* SmbMasterViewController.h */,
				FABDBA3D1AA863C700595AFA /* SmbMasterViewController.m */,
				FAFA6CA61AA9BE0B00959974 /* SmbFileViewController.h */,
				FAFA6CA71AA9BE0B00959974 /* SmbFileViewController.m */,
				FAE326041AAD4A8000882A4D /* SmbFileOperateViewController.h */,
				FAE326051AAD4A8000882A4D /* SmbFileOperateViewController.m */,
				FAFAED871AADC3C300E4356C /* FolderNameFormViewController.h */,
				FAFAED881AADC3C300E4356C /* FolderNameFormViewController.m */,
				FAA8122F1AAED0E7005142AB /* LocalFileViewController.h */,
				FAA812301AAED0E7005142AB /* LocalFileViewController.m */,
				FAA812641AAF1C5B005142AB /* FileTransmissionViewController.h */,
				FAA812651AAF1C5B005142AB /* FileTransmissionViewController.m */,
				FA53301A1ACC1938000F3751 /* SettingViewController.h */,
				FA53301B1ACC1938000F3751 /* SettingViewController.m */,
			);
			path = Controller;
			sourceTree = "<group>";
		};
		FABDBA3E1AA863C700595AFA /* Model */ = {
			isa = PBXGroup;
			children = (
				FABDBA411AA863C700595AFA /* ArrayDataSource.h */,
				FABDBA421AA863C700595AFA /* ArrayDataSource.m */,
				FABDBA431AA863C700595AFA /* SmbAuth.h */,
				FABDBA441AA863C700595AFA /* SmbAuth.m */,
				FABDBAB01AA888DF00595AFA /* SmbManager.h */,
				FABDBAB11AA888DF00595AFA /* SmbManager.m */,
				FAFA6CAC1AA9C6F800959974 /* SmbFilesArrayDataSource.h */,
				FAFA6CAD1AA9C6F800959974 /* SmbFilesArrayDataSource.m */,
				FA37A69E1AAC2417001BC14E /* SmbAuthArrayDataSource.h */,
				FA37A69F1AAC2417001BC14E /* SmbAuthArrayDataSource.m */,
				FAA812671AAF1CB7005142AB /* FileTransmissionModal.h */,
				FAA812681AAF1CB7005142AB /* FileTransmissionModal.m */,
				FAA8126D1AAF2015005142AB /* SmbFileTransmissionDataSource.h */,
				FAA8126E1AAF2015005142AB /* SmbFileTransmissionDataSource.m */,
				FA5330141ACBE813000F3751 /* LocalFileDataSource.h */,
				FA5330151ACBE813000F3751 /* LocalFileDataSource.m */,
			);
			path = Model;
			sourceTree = "<group>";
		};
		FABDBA451AA863C700595AFA /* View */ = {
			isa = PBXGroup;
			children = (
				FAA8126A1AAF1EE2005142AB /* FileTransmissionCell.h */,
				FAA8126B1AAF1EE2005142AB /* FileTransmissionCell.m */,
				FABDBA201AA8631800595AFA /* LaunchScreen.xib */,
				FABDBA511AA8648C00595AFA /* Main.storyboard */,
				FA5330111ACBE16C000F3751 /* LocalFileCell.h */,
				FA5330121ACBE16C000F3751 /* LocalFileCell.m */,
				FABDBA471AA863C700595AFA /* SmbAuthCell.h */,
				FABDBA481AA863C700595AFA /* SmbAuthCell.m */,
				FABDBAAD1AA8862500595AFA /* SmbFileCell.h */,
				FABDBAAE1AA8862500595AFA /* SmbFileCell.m */,
				FA39B5001AB4277E00B26A77 /* UIDesignPlan.storyboard */,
				FAA7D2CB1AB5649A00E3A9D1 /* SmbFileOperateCell.h */,
				FAA7D2CC1AB5649A00E3A9D1 /* SmbFileOperateCell.m */,
			);
			path = View;
			sourceTree = "<group>";
		};
		FABDBA551AA8663E00595AFA /* libs */ = {
			isa = PBXGroup;
			children = (
				FABDBA561AA8663E00595AFA /* libsmbclient.a */,
				FABDBA571AA8663E00595AFA /* libsmbclient.h */,
				FABDBA581AA8663E00595AFA /* libtalloc.a */,
				FABDBA591AA8663E00595AFA /* libtdb.a */,
				FABDBA5A1AA8663E00595AFA /* libtevent.a */,
				FABDBA5B1AA8663E00595AFA /* libwbclient.a */,
				FABDBA5C1AA8663E00595AFA /* talloc.h */,
				FABDBA5D1AA8663E00595AFA /* talloc_stack.h */,
			);
			path = libs;
			sourceTree = "<group>";
		};
		FABDBA701AA868E300595AFA /* Framework */ = {
			isa = PBXGroup;
			children = (
				FABDBA6E1AA8687E00595AFA /* Foundation.framework */,
				FABDBA6C1AA8687200595AFA /* CoreGraphics.framework */,
				FABDBA6A1AA8686300595AFA /* UIKit.framework */,
				FABDBA681AA8685000595AFA /* libiconv.dylib */,
				FABDBA661AA8684200595AFA /* libz.dylib */,
				FABDBA641AA8683500595AFA /* libresolv.dylib */,
			);
			name = Framework;
			sourceTree = "<group>";
		};
		FABDBA711AA8691F00595AFA /* Support */ = {
			isa = PBXGroup;
			children = (
				FABDBA151AA8631800595AFA /* AppDelegate.h */,
				FABDBA161AA8631800595AFA /* AppDelegate.m */,
				FABDBA1E1AA8631800595AFA /* Images.xcassets */,
				FABDBA111AA8631800595AFA /* Supporting Files */,
			);
			name = Support;
			sourceTree = "<group>";
		};
		FABDBA721AA8696300595AFA /* Vendor */ = {
			isa = PBXGroup;
			children = (
				FA3C3EC71AC0FCAE005E7569 /* KxSMBItemTransmissionFile.h */,
				FA3C3EC81AC0FCAE005E7569 /* KxSMBItemTransmissionFile.m */,
				FABDBA531AA8663E00595AFA /* KxSMBProvider.h */,
				FABDBA541AA8663E00595AFA /* KxSMBProvider.m */,
				FABDBA551AA8663E00595AFA /* libs */,
			);
			name = Vendor;
			sourceTree = "<group>";
		};
		FAD90A931AC56A680060D696 /* Resource */ = {
			isa = PBXGroup;
			children = (
				FAD90A961AC572A70060D696 /* FileType.png */,
			);
			name = Resource;
			sourceTree = "<group>";
		};
/* End PBXGroup section */

/* Begin PBXNativeTarget section */
		FABDBA0D1AA8631800595AFA /* SmbFileExplorer */ = {
			isa = PBXNativeTarget;
			buildConfigurationList = FABDBA311AA8631800595AFA /* Build configuration list for PBXNativeTarget "SmbFileExplorer" */;
			buildPhases = (
				FABDBA0A1AA8631800595AFA /* Sources */,
				FABDBA0B1AA8631800595AFA /* Frameworks */,
				FABDBA0C1AA8631800595AFA /* Resources */,
			);
			buildRules = (
			);
			dependencies = (
			);
			name = SmbFileExplorer;
			productName = SmbFileExplorer;
			productReference = FABDBA0E1AA8631800595AFA /* SmbFileExplorer.app */;
			productType = "com.apple.product-type.application";
		};
		FABDBA261AA8631800595AFA /* SmbFileExplorerTests */ = {
			isa = PBXNativeTarget;
			buildConfigurationList = FABDBA341AA8631800595AFA /* Build configuration list for PBXNativeTarget "SmbFileExplorerTests" */;
			buildPhases = (
				FABDBA231AA8631800595AFA /* Sources */,
				FABDBA241AA8631800595AFA /* Frameworks */,
				FABDBA251AA8631800595AFA /* Resources */,
			);
			buildRules = (
			);
			dependencies = (
				FABDBA291AA8631800595AFA /* PBXTargetDependency */,
			);
			name = SmbFileExplorerTests;
			productName = SmbFileExplorerTests;
			productReference = FABDBA271AA8631800595AFA /* SmbFileExplorerTests.xctest */;
			productType = "com.apple.product-type.bundle.unit-test";
		};
/* End PBXNativeTarget section */

/* Begin PBXProject section */
		FABDBA061AA8631800595AFA /* Project object */ = {
			isa = PBXProject;
			attributes = {
				LastUpgradeCheck = 0610;
				ORGANIZATIONNAME = wgl;
				TargetAttributes = {
					FABDBA0D1AA8631800595AFA = {
						CreatedOnToolsVersion = 6.1;
						DevelopmentTeam = MY5Q8FA2DZ;
					};
					FABDBA261AA8631800595AFA = {
						CreatedOnToolsVersion = 6.1;
						TestTargetID = FABDBA0D1AA8631800595AFA;
					};
				};
			};
			buildConfigurationList = FABDBA091AA8631800595AFA /* Build configuration list for PBXProject "SmbFileExplorer" */;
			compatibilityVersion = "Xcode 3.2";
			developmentRegion = English;
			hasScannedForEncodings = 0;
			knownRegions = (
				en,
				Base,
			);
			mainGroup = FABDBA051AA8631800595AFA;
			productRefGroup = FABDBA0F1AA8631800595AFA /* Products */;
			projectDirPath = "";
			projectRoot = "";
			targets = (
				FABDBA0D1AA8631800595AFA /* SmbFileExplorer */,
				FABDBA261AA8631800595AFA /* SmbFileExplorerTests */,
			);
		};
/* End PBXProject section */

/* Begin PBXResourcesBuildPhase section */
		FABDBA0C1AA8631800595AFA /* Resources */ = {
			isa = PBXResourcesBuildPhase;
			buildActionMask = 2147483647;
			files = (
				FAD90A971AC572A70060D696 /* FileType.png in Resources */,
				FABDBA521AA8648C00595AFA /* Main.storyboard in Resources */,
				FA39B5011AB4277E00B26A77 /* UIDesignPlan.storyboard in Resources */,
				FABDBA221AA8631800595AFA /* LaunchScreen.xib in Resources */,
				FABDBA1F1AA8631800595AFA /* Images.xcassets in Resources */,
			);
			runOnlyForDeploymentPostprocessing = 0;
		};
		FABDBA251AA8631800595AFA /* Resources */ = {
			isa = PBXResourcesBuildPhase;
			buildActionMask = 2147483647;
			files = (
			);
			runOnlyForDeploymentPostprocessing = 0;
		};
/* End PBXResourcesBuildPhase section */

/* Begin PBXSourcesBuildPhase section */
		FABDBA0A1AA8631800595AFA /* Sources */ = {
			isa = PBXSourcesBuildPhase;
			buildActionMask = 2147483647;
			files = (
				FABDBA4E1AA863C700595AFA /* SmbAuth.m in Sources */,
				FAA8126F1AAF2015005142AB /* SmbFileTransmissionDataSource.m in Sources */,
				FA37A6A01AAC2417001BC14E /* SmbAuthArrayDataSource.m in Sources */,
				FAFA6CAE1AA9C6F800959974 /* SmbFilesArrayDataSource.m in Sources */,
				FAA812661AAF1C5B005142AB /* FileTransmissionViewController.m in Sources */,
				FABDBA4A1AA863C700595AFA /* SmbDetailViewController.m in Sources */,
				FABDBAAF1AA8862500595AFA /* SmbFileCell.m in Sources */,
				FA1E03D01ABBF29A004E79EB /* SmbCacheFileTransitioner.m in Sources */,
				FAFA6CA81AA9BE0B00959974 /* SmbFileViewController.m in Sources */,
				FA8E47FA1ABAFDCE002AEE41 /* SmbCacheFilePresentationController.m in Sources */,
				FAFAED891AADC3C300E4356C /* FolderNameFormViewController.m in Sources */,
				FABDBA171AA8631800595AFA /* AppDelegate.m in Sources */,
				FA5330131ACBE16C000F3751 /* LocalFileCell.m in Sources */,
				FAA7D2CD1AB5649A00E3A9D1 /* SmbFileOperateCell.m in Sources */,
				FA53301C1ACC1938000F3751 /* SettingViewController.m in Sources */,
				FABDBA501AA863C700595AFA /* SmbAuthCell.m in Sources */,
				FA404B6B1AB96B9400FB3D38 /* SystemStuff.m in Sources */,
				FAA812311AAED0E7005142AB /* LocalFileViewController.m in Sources */,
				FAA8126C1AAF1EE2005142AB /* FileTransmissionCell.m in Sources */,
				FA5330161ACBE813000F3751 /* LocalFileDataSource.m in Sources */,
				FABDBA4D1AA863C700595AFA /* ArrayDataSource.m in Sources */,
				FABDBA5E1AA8663E00595AFA /* KxSMBProvider.m in Sources */,
				FAA812691AAF1CB7005142AB /* FileTransmissionModal.m in Sources */,
				FAE326061AAD4A8000882A4D /* SmbFileOperateViewController.m in Sources */,
				FABDBA491AA863C700595AFA /* SmbAuthMessageViewController.m in Sources */,
				FABDBAB21AA888DF00595AFA /* SmbManager.m in Sources */,
				FABDBA4B1AA863C700595AFA /* SmbMasterViewController.m in Sources */,
				FABDBA141AA8631800595AFA /* main.m in Sources */,
				FA4FA7EC1AB1C3170001F1B3 /* NetworkManager.m in Sources */,
				FA3C3EC91AC0FCAE005E7569 /* KxSMBItemTransmissionFile.m in Sources */,
				FA228FE91ACE8B8500786F88 /* BackgroundTask.m in Sources */,
				FA6253A51AABD9CE00EAA782 /* PersistenceManager.m in Sources */,
			);
			runOnlyForDeploymentPostprocessing = 0;
		};
		FABDBA231AA8631800595AFA /* Sources */ = {
			isa = PBXSourcesBuildPhase;
			buildActionMask = 2147483647;
			files = (
				FABDBA2E1AA8631800595AFA /* SmbFileExplorerTests.m in Sources */,
			);
			runOnlyForDeploymentPostprocessing = 0;
		};
/* End PBXSourcesBuildPhase section */

/* Begin PBXTargetDependency section */
		FABDBA291AA8631800595AFA /* PBXTargetDependency */ = {
			isa = PBXTargetDependency;
			target = FABDBA0D1AA8631800595AFA /* SmbFileExplorer */;
			targetProxy = FABDBA281AA8631800595AFA /* PBXContainerItemProxy */;
		};
/* End PBXTargetDependency section */

/* Begin PBXVariantGroup section */
		FABDBA201AA8631800595AFA /* LaunchScreen.xib */ = {
			isa = PBXVariantGroup;
			children = (
				FABDBA211AA8631800595AFA /* Base */,
			);
			name = LaunchScreen.xib;
			path = ..;
			sourceTree = "<group>";
		};
/* End PBXVariantGroup section */

/* Begin XCBuildConfiguration section */
		FABDBA2F1AA8631800595AFA /* Debug */ = {
			isa = XCBuildConfiguration;
			buildSettings = {
				ALWAYS_SEARCH_USER_PATHS = NO;
				CLANG_CXX_LANGUAGE_STANDARD = "gnu++0x";
				CLANG_CXX_LIBRARY = "libc++";
				CLANG_ENABLE_MODULES = YES;
				CLANG_ENABLE_OBJC_ARC = YES;
				CLANG_WARN_BOOL_CONVERSION = YES;
				CLANG_WARN_CONSTANT_CONVERSION = YES;
				CLANG_WARN_DIRECT_OBJC_ISA_USAGE = YES_ERROR;
				CLANG_WARN_EMPTY_BODY = YES;
				CLANG_WARN_ENUM_CONVERSION = YES;
				CLANG_WARN_INT_CONVERSION = YES;
				CLANG_WARN_OBJC_ROOT_CLASS = YES_ERROR;
				CLANG_WARN_UNREACHABLE_CODE = YES;
				CLANG_WARN__DUPLICATE_METHOD_MATCH = YES;
				"CODE_SIGN_IDENTITY[sdk=iphoneos*]" = "iPhone Developer";
				COPY_PHASE_STRIP = NO;
				ENABLE_STRICT_OBJC_MSGSEND = YES;
				GCC_C_LANGUAGE_STANDARD = gnu99;
				GCC_DYNAMIC_NO_PIC = NO;
				GCC_OPTIMIZATION_LEVEL = 0;
				GCC_PREPROCESSOR_DEFINITIONS = (
					"DEBUG=1",
					"$(inherited)",
				);
				GCC_SYMBOLS_PRIVATE_EXTERN = NO;
				GCC_WARN_64_TO_32_BIT_CONVERSION = YES;
				GCC_WARN_ABOUT_RETURN_TYPE = YES_ERROR;
				GCC_WARN_UNDECLARED_SELECTOR = YES;
				GCC_WARN_UNINITIALIZED_AUTOS = YES_AGGRESSIVE;
				GCC_WARN_UNUSED_FUNCTION = YES;
				GCC_WARN_UNUSED_VARIABLE = YES;
				IPHONEOS_DEPLOYMENT_TARGET = 8.1;
				MTL_ENABLE_DEBUG_INFO = YES;
				ONLY_ACTIVE_ARCH = YES;
				SDKROOT = iphoneos;
				TARGETED_DEVICE_FAMILY = 2;
			};
			name = Debug;
		};
		FABDBA301AA8631800595AFA /* Release */ = {
			isa = XCBuildConfiguration;
			buildSettings = {
				ALWAYS_SEARCH_USER_PATHS = NO;
				CLANG_CXX_LANGUAGE_STANDARD = "gnu++0x";
				CLANG_CXX_LIBRARY = "libc++";
				CLANG_ENABLE_MODULES = YES;
				CLANG_ENABLE_OBJC_ARC = YES;
				CLANG_WARN_BOOL_CONVERSION = YES;
				CLANG_WARN_CONSTANT_CONVERSION = YES;
				CLANG_WARN_DIRECT_OBJC_ISA_USAGE = YES_ERROR;
				CLANG_WARN_EMPTY_BODY = YES;
				CLANG_WARN_ENUM_CONVERSION = YES;
				CLANG_WARN_INT_CONVERSION = YES;
				CLANG_WARN_OBJC_ROOT_CLASS = YES_ERROR;
				CLANG_WARN_UNREACHABLE_CODE = YES;
				CLANG_WARN__DUPLICATE_METHOD_MATCH = YES;
				"CODE_SIGN_IDENTITY[sdk=iphoneos*]" = "iPhone Developer";
				COPY_PHASE_STRIP = YES;
				ENABLE_NS_ASSERTIONS = NO;
				ENABLE_STRICT_OBJC_MSGSEND = YES;
				GCC_C_LANGUAGE_STANDARD = gnu99;
				GCC_WARN_64_TO_32_BIT_CONVERSION = YES;
				GCC_WARN_ABOUT_RETURN_TYPE = YES_ERROR;
				GCC_WARN_UNDECLARED_SELECTOR = YES;
				GCC_WARN_UNINITIALIZED_AUTOS = YES_AGGRESSIVE;
				GCC_WARN_UNUSED_FUNCTION = YES;
				GCC_WARN_UNUSED_VARIABLE = YES;
				IPHONEOS_DEPLOYMENT_TARGET = 8.1;
				MTL_ENABLE_DEBUG_INFO = NO;
				SDKROOT = iphoneos;
				TARGETED_DEVICE_FAMILY = 2;
				VALIDATE_PRODUCT = YES;
			};
			name = Release;
		};
		FABDBA321AA8631800595AFA /* Debug */ = {
			isa = XCBuildConfiguration;
			buildSettings = {
				ASSETCATALOG_COMPILER_APPICON_NAME = AppIcon;
				CODE_SIGN_IDENTITY = "iPhone Developer";
				"CODE_SIGN_IDENTITY[sdk=iphoneos*]" = "iPhone Developer";
				HEADER_SEARCH_PATHS = "\"$(SRCROOT)/SmbFileExplorer/libs\"";
				INFOPLIST_FILE = SmbFileExplorer/Info.plist;
				IPHONEOS_DEPLOYMENT_TARGET = 8.1;
				LD_RUNPATH_SEARCH_PATHS = "$(inherited) @executable_path/Frameworks";
				LIBRARY_SEARCH_PATHS = (
					"$(inherited)",
					"$(PROJECT_DIR)/SmbFileExplorer/libs",
				);
				PRODUCT_NAME = "$(TARGET_NAME)";
				PROVISIONING_PROFILE = "";
				TARGETED_DEVICE_FAMILY = 2;
			};
			name = Debug;
		};
		FABDBA331AA8631800595AFA /* Release */ = {
			isa = XCBuildConfiguration;
			buildSettings = {
				ASSETCATALOG_COMPILER_APPICON_NAME = AppIcon;
				CODE_SIGN_IDENTITY = "iPhone Developer";
				"CODE_SIGN_IDENTITY[sdk=iphoneos*]" = "iPhone Developer";
				HEADER_SEARCH_PATHS = "\"$(SRCROOT)/SmbFileExplorer/libs\"";
				INFOPLIST_FILE = SmbFileExplorer/Info.plist;
				IPHONEOS_DEPLOYMENT_TARGET = 8.1;
				LD_RUNPATH_SEARCH_PATHS = "$(inherited) @executable_path/Frameworks";
				LIBRARY_SEARCH_PATHS = (
					"$(inherited)",
					"$(PROJECT_DIR)/SmbFileExplorer/libs",
				);
				PRODUCT_NAME = "$(TARGET_NAME)";
				PROVISIONING_PROFILE = "";
				TARGETED_DEVICE_FAMILY = 2;
			};
			name = Release;
		};
		FABDBA351AA8631800595AFA /* Debug */ = {
			isa = XCBuildConfiguration;
			buildSettings = {
				BUNDLE_LOADER = "$(TEST_HOST)";
				FRAMEWORK_SEARCH_PATHS = (
					"$(SDKROOT)/Developer/Library/Frameworks",
					"$(inherited)",
				);
				GCC_PREPROCESSOR_DEFINITIONS = (
					"DEBUG=1",
					"$(inherited)",
				);
				INFOPLIST_FILE = SmbFileExplorerTests/Info.plist;
				LD_RUNPATH_SEARCH_PATHS = "$(inherited) @executable_path/Frameworks @loader_path/Frameworks";
				PRODUCT_NAME = "$(TARGET_NAME)";
				TEST_HOST = "$(BUILT_PRODUCTS_DIR)/SmbFileExplorer.app/SmbFileExplorer";
			};
			name = Debug;
		};
		FABDBA361AA8631800595AFA /* Release */ = {
			isa = XCBuildConfiguration;
			buildSettings = {
				BUNDLE_LOADER = "$(TEST_HOST)";
				FRAMEWORK_SEARCH_PATHS = (
					"$(SDKROOT)/Developer/Library/Frameworks",
					"$(inherited)",
				);
				INFOPLIST_FILE = SmbFileExplorerTests/Info.plist;
				LD_RUNPATH_SEARCH_PATHS = "$(inherited) @executable_path/Frameworks @loader_path/Frameworks";
				PRODUCT_NAME = "$(TARGET_NAME)";
				TEST_HOST = "$(BUILT_PRODUCTS_DIR)/SmbFileExplorer.app/SmbFileExplorer";
			};
			name = Release;
		};
/* End XCBuildConfiguration section */

/* Begin XCConfigurationList section */
		FABDBA091AA8631800595AFA /* Build configuration list for PBXProject "SmbFileExplorer" */ = {
			isa = XCConfigurationList;
			buildConfigurations = (
				FABDBA2F1AA8631800595AFA /* Debug */,
				FABDBA301AA8631800595AFA /* Release */,
			);
			defaultConfigurationIsVisible = 0;
			defaultConfigurationName = Release;
		};
		FABDBA311AA8631800595AFA /* Build configuration list for PBXNativeTarget "SmbFileExplorer" */ = {
			isa = XCConfigurationList;
			buildConfigurations = (
				FABDBA321AA8631800595AFA /* Debug */,
				FABDBA331AA8631800595AFA /* Release */,
			);
			defaultConfigurationIsVisible = 0;
			defaultConfigurationName = Release;
		};
		FABDBA341AA8631800595AFA /* Build configuration list for PBXNativeTarget "SmbFileExplorerTests" */ = {
			isa = XCConfigurationList;
			buildConfigurations = (
				FABDBA351AA8631800595AFA /* Debug */,
				FABDBA361AA8631800595AFA /* Release */,
			);
			defaultConfigurationIsVisible = 0;
			defaultConfigurationName = Release;
		};
/* End XCConfigurationList section */
	};
	rootObject = FABDBA061AA8631800595AFA /* Project object */;
}
